
Microsoft Visual Studio Solution File, Format Version 12.00
# Visual Studio Version 17
VisualStudioVersion = 17.8.34309.116
MinimumVisualStudioVersion = 10.0.40219.1
Project("{8BC9CEB8-8B4A-11D0-8D11-00A0C91BC942}") = "lab11", "lab11.vcxproj", "{F3160758-83F6-445E-80EC-AA793F2C9A15}"
EndProject
Global
	GlobalSection(SolutionConfigurationPlatforms) = preSolution
		Debug|x64 = Debug|x64
		Debug|x86 = Debug|x86
		Release|x64 = Release|x64
		Release|x86 = Release|x86
	EndGlobalSection
	GlobalSection(ProjectConfigurationPlatforms) = postSolution
		{F3160758-83F6-445E-80EC-AA793F2C9A15}.Debug|x64.ActiveCfg = Debug|x64
		{F3160758-83F6-445E-80EC-AA793F2C9A15}.Debug|x64.Build.0 = Debug|x64
		{F3160758-83F6-445E-80EC-AA793F2C9A15}.Debug|x86.ActiveCfg = Debug|Win32
		{F3160758-83F6-445E-80EC-AA793F2C9A15}.Debug|x86.Build.0 = Debug|Win32
		{F3160758-83F6-445E-80EC-AA793F2C9A15}.Release|x64.ActiveCfg = Release|x64
		{F3160758-83F6-445E-80EC-AA793F2C9A15}.Release|x64.Build.0 = Release|x64
		{F3160758-83F6-445E-80EC-AA793F2C9A15}.Release|x86.ActiveCfg = Release|Win32
		{F3160758-83F6-445E-80EC-AA793F2C9A15}.Release|x86.Build.0 = Release|Win32
	EndGlobalSection
	GlobalSection(SolutionProperties) = preSolution
		HideSolutionNode = FALSE
	EndGlobalSection
	GlobalSection(ExtensibilityGlobals) = postSolution
		SolutionGuid = {DDAC22E4-04AE-44C3-856A-58BD1A61B765}
	EndGlobalSection
EndGlobal
