
Microsoft Visual Studio Solution File, Format Version 12.00
# Visual Studio Version 17
VisualStudioVersion = 17.8.34316.72
MinimumVisualStudioVersion = 10.0.40219.1
Project("{8BC9CEB8-8B4A-11D0-8D11-00A0C91BC942}") = "lab14", "lab14.vcxproj", "{A977F309-7447-4D01-A0E7-B5DD13181184}"
EndProject
Global
	GlobalSection(SolutionConfigurationPlatforms) = preSolution
		Debug|x64 = Debug|x64
		Debug|x86 = Debug|x86
		Release|x64 = Release|x64
		Release|x86 = Release|x86
	EndGlobalSection
	GlobalSection(ProjectConfigurationPlatforms) = postSolution
		{A977F309-7447-4D01-A0E7-B5DD13181184}.Debug|x64.ActiveCfg = Debug|x64
		{A977F309-7447-4D01-A0E7-B5DD13181184}.Debug|x64.Build.0 = Debug|x64
		{A977F309-7447-4D01-A0E7-B5DD13181184}.Debug|x86.ActiveCfg = Debug|Win32
		{A977F309-7447-4D01-A0E7-B5DD13181184}.Debug|x86.Build.0 = Debug|Win32
		{A977F309-7447-4D01-A0E7-B5DD13181184}.Release|x64.ActiveCfg = Release|x64
		{A977F309-7447-4D01-A0E7-B5DD13181184}.Release|x64.Build.0 = Release|x64
		{A977F309-7447-4D01-A0E7-B5DD13181184}.Release|x86.ActiveCfg = Release|Win32
		{A977F309-7447-4D01-A0E7-B5DD13181184}.Release|x86.Build.0 = Release|Win32
	EndGlobalSection
	GlobalSection(SolutionProperties) = preSolution
		HideSolutionNode = FALSE
	EndGlobalSection
	GlobalSection(ExtensibilityGlobals) = postSolution
		SolutionGuid = {A29DFF7D-AA9E-40BE-ABB0-264165F4ACA3}
	EndGlobalSection
EndGlobal
